// !$*UTF8*$!
{
	archiveVersion = 1;
	classes = {
	};
	objectVersion = 46;
	objects = {

/* Begin PBXBuildFile section */
		FB1777F51E27F60000C474C4 /* AppDelegate.swift in Sources */ = {isa = PBXBuildFile; fileRef = FB1777F41E27F60000C474C4 /* AppDelegate.swift */; };
		FB1777F71E27F60000C474C4 /* MapViewController.swift in Sources */ = {isa = PBXBuildFile; fileRef = FB1777F61E27F60000C474C4 /* MapViewController.swift */; };
		FB1777FA1E27F60000C474C4 /* Main.storyboard in Resources */ = {isa = PBXBuildFile; fileRef = FB1777F81E27F60000C474C4 /* Main.storyboard */; };
		FB1777FD1E27F60000C474C4 /* VirtualTourist.xcdatamodeld in Sources */ = {isa = PBXBuildFile; fileRef = FB1777FB1E27F60000C474C4 /* VirtualTourist.xcdatamodeld */; };
		FB1777FF1E27F60000C474C4 /* Assets.xcassets in Resources */ = {isa = PBXBuildFile; fileRef = FB1777FE1E27F60000C474C4 /* Assets.xcassets */; };
		FB1778021E27F60000C474C4 /* LaunchScreen.storyboard in Resources */ = {isa = PBXBuildFile; fileRef = FB1778001E27F60000C474C4 /* LaunchScreen.storyboard */; };
		FB17780D1E27F60000C474C4 /* FlickrAPITests.swift in Sources */ = {isa = PBXBuildFile; fileRef = FB17780C1E27F60000C474C4 /* FlickrAPITests.swift */; };
		FB1778181E27F60000C474C4 /* VirtualTouristUITests.swift in Sources */ = {isa = PBXBuildFile; fileRef = FB1778171E27F60000C474C4 /* VirtualTouristUITests.swift */; };
		FB17782B1E27F99F00C474C4 /* ExtensionViewController.swift in Sources */ = {isa = PBXBuildFile; fileRef = FB17782A1E27F99F00C474C4 /* ExtensionViewController.swift */; };
		FB17782D1E27F9EE00C474C4 /* MapKitViewDelegateOntheMap.swift in Sources */ = {isa = PBXBuildFile; fileRef = FB17782C1E27F9EE00C474C4 /* MapKitViewDelegateOntheMap.swift */; };
		FB17782F1E27FA8200C474C4 /* GCDMethods.swift in Sources */ = {isa = PBXBuildFile; fileRef = FB17782E1E27FA8200C474C4 /* GCDMethods.swift */; };
		FB1778331E27FB7100C474C4 /* Api.swift in Sources */ = {isa = PBXBuildFile; fileRef = FB1778321E27FB7100C474C4 /* Api.swift */; };
		FB1778351E27FB9A00C474C4 /* Network.swift in Sources */ = {isa = PBXBuildFile; fileRef = FB1778341E27FB9A00C474C4 /* Network.swift */; };
		FB1778371E2803A200C474C4 /* ConfigurationNetwork.swift in Sources */ = {isa = PBXBuildFile; fileRef = FB1778361E2803A200C474C4 /* ConfigurationNetwork.swift */; };
		FB1778391E2803F300C474C4 /* FlickrAPI.swift in Sources */ = {isa = PBXBuildFile; fileRef = FB1778381E2803F300C474C4 /* FlickrAPI.swift */; };
		FB17783F1E2804F500C474C4 /* ConstatsFlickrAPI.swift in Sources */ = {isa = PBXBuildFile; fileRef = FB17783E1E2804F500C474C4 /* ConstatsFlickrAPI.swift */; };
		FB1778421E2807C500C474C4 /* PhotoAlbumAPI.swift in Sources */ = {isa = PBXBuildFile; fileRef = FB1778411E2807C500C474C4 /* PhotoAlbumAPI.swift */; };
		FB17784B1E294D1600C474C4 /* CoreDataStack.swift in Sources */ = {isa = PBXBuildFile; fileRef = FB17784A1E294D1600C474C4 /* CoreDataStack.swift */; };
		FB49BC361E3A31CA0089E8A4 /* MapViewAlbumDelegateOntheMap.swift in Sources */ = {isa = PBXBuildFile; fileRef = FB49BC351E3A31CA0089E8A4 /* MapViewAlbumDelegateOntheMap.swift */; };
		FB73B8EA1E38FBEC00A40FBD /* ImageCollectionViewCell.swift in Sources */ = {isa = PBXBuildFile; fileRef = FB73B8E91E38FBEC00A40FBD /* ImageCollectionViewCell.swift */; };
		FBCC00CA1E2A942F00E929DC /* CoreDataCollectionViewController.swift in Sources */ = {isa = PBXBuildFile; fileRef = FBCC00C91E2A942F00E929DC /* CoreDataCollectionViewController.swift */; };
		FBCC00CD1E2AA75A00E929DC /* AlbumViewController.swift in Sources */ = {isa = PBXBuildFile; fileRef = FBCC00CC1E2AA75A00E929DC /* AlbumViewController.swift */; };
		FBE69D541E2A809B00D0670D /* Location+CoreDataClass.swift in Sources */ = {isa = PBXBuildFile; fileRef = FBE69D4E1E2A809B00D0670D /* Location+CoreDataClass.swift */; };
		FBE69D561E2A809B00D0670D /* Image+CoreDataClass.swift in Sources */ = {isa = PBXBuildFile; fileRef = FBE69D501E2A809B00D0670D /* Image+CoreDataClass.swift */; };
		FBE69D581E2A809B00D0670D /* Pin+CoreDataClass.swift in Sources */ = {isa = PBXBuildFile; fileRef = FBE69D521E2A809B00D0670D /* Pin+CoreDataClass.swift */; };
		FBE69D7D1E2A8A8100D0670D /* Pin+CoreDataProperties.swift in Sources */ = {isa = PBXBuildFile; fileRef = FBE69D7A1E2A8A8100D0670D /* Pin+CoreDataProperties.swift */; };
		FBE69D7E1E2A8A8100D0670D /* Location+CoreDataProperties.swift in Sources */ = {isa = PBXBuildFile; fileRef = FBE69D7B1E2A8A8100D0670D /* Location+CoreDataProperties.swift */; };
		FBE69D7F1E2A8A8100D0670D /* Image+CoreDataProperties.swift in Sources */ = {isa = PBXBuildFile; fileRef = FBE69D7C1E2A8A8100D0670D /* Image+CoreDataProperties.swift */; };
/* End PBXBuildFile section */

/* Begin PBXContainerItemProxy section */
		FB1778091E27F60000C474C4 /* PBXContainerItemProxy */ = {
			isa = PBXContainerItemProxy;
			containerPortal = FB1777E91E27F60000C474C4 /* Project object */;
			proxyType = 1;
			remoteGlobalIDString = FB1777F01E27F60000C474C4;
			remoteInfo = VirtualTourist;
		};
		FB1778141E27F60000C474C4 /* PBXContainerItemProxy */ = {
			isa = PBXContainerItemProxy;
			containerPortal = FB1777E91E27F60000C474C4 /* Project object */;
			proxyType = 1;
			remoteGlobalIDString = FB1777F01E27F60000C474C4;
			remoteInfo = VirtualTourist;
		};
/* End PBXContainerItemProxy section */

/* Begin PBXFileReference section */
		FB1777F11E27F60000C474C4 /* VirtualTourist.app */ = {isa = PBXFileReference; explicitFileType = wrapper.application; includeInIndex = 0; path = VirtualTourist.app; sourceTree = BUILT_PRODUCTS_DIR; };
		FB1777F41E27F60000C474C4 /* AppDelegate.swift */ = {isa = PBXFileReference; lastKnownFileType = sourcecode.swift; path = AppDelegate.swift; sourceTree = "<group>"; };
		FB1777F61E27F60000C474C4 /* MapViewController.swift */ = {isa = PBXFileReference; lastKnownFileType = sourcecode.swift; path = MapViewController.swift; sourceTree = "<group>"; };
		FB1777F91E27F60000C474C4 /* Base */ = {isa = PBXFileReference; lastKnownFileType = file.storyboard; name = Base; path = Base.lproj/Main.storyboard; sourceTree = "<group>"; };
		FB1777FC1E27F60000C474C4 /* VirtualTourist.xcdatamodel */ = {isa = PBXFileReference; lastKnownFileType = wrapper.xcdatamodel; path = VirtualTourist.xcdatamodel; sourceTree = "<group>"; };
		FB1777FE1E27F60000C474C4 /* Assets.xcassets */ = {isa = PBXFileReference; lastKnownFileType = folder.assetcatalog; path = Assets.xcassets; sourceTree = "<group>"; };
		FB1778011E27F60000C474C4 /* Base */ = {isa = PBXFileReference; lastKnownFileType = file.storyboard; name = Base; path = Base.lproj/LaunchScreen.storyboard; sourceTree = "<group>"; };
		FB1778031E27F60000C474C4 /* Info.plist */ = {isa = PBXFileReference; lastKnownFileType = text.plist.xml; path = Info.plist; sourceTree = "<group>"; };
		FB1778081E27F60000C474C4 /* VirtualTouristTests.xctest */ = {isa = PBXFileReference; explicitFileType = wrapper.cfbundle; includeInIndex = 0; path = VirtualTouristTests.xctest; sourceTree = BUILT_PRODUCTS_DIR; };
		FB17780C1E27F60000C474C4 /* FlickrAPITests.swift */ = {isa = PBXFileReference; lastKnownFileType = sourcecode.swift; path = FlickrAPITests.swift; sourceTree = "<group>"; };
		FB17780E1E27F60000C474C4 /* Info.plist */ = {isa = PBXFileReference; lastKnownFileType = text.plist.xml; path = Info.plist; sourceTree = "<group>"; };
		FB1778131E27F60000C474C4 /* VirtualTouristUITests.xctest */ = {isa = PBXFileReference; explicitFileType = wrapper.cfbundle; includeInIndex = 0; path = VirtualTouristUITests.xctest; sourceTree = BUILT_PRODUCTS_DIR; };
		FB1778171E27F60000C474C4 /* VirtualTouristUITests.swift */ = {isa = PBXFileReference; lastKnownFileType = sourcecode.swift; path = VirtualTouristUITests.swift; sourceTree = "<group>"; };
		FB1778191E27F60000C474C4 /* Info.plist */ = {isa = PBXFileReference; lastKnownFileType = text.plist.xml; path = Info.plist; sourceTree = "<group>"; };
		FB17782A1E27F99F00C474C4 /* ExtensionViewController.swift */ = {isa = PBXFileReference; fileEncoding = 4; lastKnownFileType = sourcecode.swift; path = ExtensionViewController.swift; sourceTree = "<group>"; };
		FB17782C1E27F9EE00C474C4 /* MapKitViewDelegateOntheMap.swift */ = {isa = PBXFileReference; fileEncoding = 4; lastKnownFileType = sourcecode.swift; path = MapKitViewDelegateOntheMap.swift; sourceTree = "<group>"; };
		FB17782E1E27FA8200C474C4 /* GCDMethods.swift */ = {isa = PBXFileReference; fileEncoding = 4; lastKnownFileType = sourcecode.swift; path = GCDMethods.swift; sourceTree = "<group>"; };
		FB1778321E27FB7100C474C4 /* Api.swift */ = {isa = PBXFileReference; fileEncoding = 4; lastKnownFileType = sourcecode.swift; path = Api.swift; sourceTree = "<group>"; };
		FB1778341E27FB9A00C474C4 /* Network.swift */ = {isa = PBXFileReference; fileEncoding = 4; lastKnownFileType = sourcecode.swift; path = Network.swift; sourceTree = "<group>"; };
		FB1778361E2803A200C474C4 /* ConfigurationNetwork.swift */ = {isa = PBXFileReference; fileEncoding = 4; lastKnownFileType = sourcecode.swift; path = ConfigurationNetwork.swift; sourceTree = "<group>"; };
		FB1778381E2803F300C474C4 /* FlickrAPI.swift */ = {isa = PBXFileReference; fileEncoding = 4; lastKnownFileType = sourcecode.swift; path = FlickrAPI.swift; sourceTree = "<group>"; };
		FB17783E1E2804F500C474C4 /* ConstatsFlickrAPI.swift */ = {isa = PBXFileReference; fileEncoding = 4; lastKnownFileType = sourcecode.swift; path = ConstatsFlickrAPI.swift; sourceTree = "<group>"; };
		FB1778411E2807C500C474C4 /* PhotoAlbumAPI.swift */ = {isa = PBXFileReference; fileEncoding = 4; lastKnownFileType = sourcecode.swift; path = PhotoAlbumAPI.swift; sourceTree = "<group>"; };
		FB17784A1E294D1600C474C4 /* CoreDataStack.swift */ = {isa = PBXFileReference; fileEncoding = 4; lastKnownFileType = sourcecode.swift; path = CoreDataStack.swift; sourceTree = "<group>"; };
		FB49BC351E3A31CA0089E8A4 /* MapViewAlbumDelegateOntheMap.swift */ = {isa = PBXFileReference; fileEncoding = 4; lastKnownFileType = sourcecode.swift; path = MapViewAlbumDelegateOntheMap.swift; sourceTree = "<group>"; };
		FB73B8E91E38FBEC00A40FBD /* ImageCollectionViewCell.swift */ = {isa = PBXFileReference; fileEncoding = 4; lastKnownFileType = sourcecode.swift; path = ImageCollectionViewCell.swift; sourceTree = "<group>"; };
		FBCC00C91E2A942F00E929DC /* CoreDataCollectionViewController.swift */ = {isa = PBXFileReference; fileEncoding = 4; lastKnownFileType = sourcecode.swift; path = CoreDataCollectionViewController.swift; sourceTree = "<group>"; };
		FBCC00CC1E2AA75A00E929DC /* AlbumViewController.swift */ = {isa = PBXFileReference; fileEncoding = 4; lastKnownFileType = sourcecode.swift; path = AlbumViewController.swift; sourceTree = "<group>"; };
		FBE69D4E1E2A809B00D0670D /* Location+CoreDataClass.swift */ = {isa = PBXFileReference; fileEncoding = 4; lastKnownFileType = sourcecode.swift; name = "Location+CoreDataClass.swift"; path = "../Location+CoreDataClass.swift"; sourceTree = "<group>"; };
		FBE69D501E2A809B00D0670D /* Image+CoreDataClass.swift */ = {isa = PBXFileReference; fileEncoding = 4; lastKnownFileType = sourcecode.swift; name = "Image+CoreDataClass.swift"; path = "../Image+CoreDataClass.swift"; sourceTree = "<group>"; };
		FBE69D521E2A809B00D0670D /* Pin+CoreDataClass.swift */ = {isa = PBXFileReference; fileEncoding = 4; lastKnownFileType = sourcecode.swift; name = "Pin+CoreDataClass.swift"; path = "../Pin+CoreDataClass.swift"; sourceTree = "<group>"; };
		FBE69D7A1E2A8A8100D0670D /* Pin+CoreDataProperties.swift */ = {isa = PBXFileReference; fileEncoding = 4; lastKnownFileType = sourcecode.swift; name = "Pin+CoreDataProperties.swift"; path = "../Pin+CoreDataProperties.swift"; sourceTree = "<group>"; };
		FBE69D7B1E2A8A8100D0670D /* Location+CoreDataProperties.swift */ = {isa = PBXFileReference; fileEncoding = 4; lastKnownFileType = sourcecode.swift; name = "Location+CoreDataProperties.swift"; path = "../Location+CoreDataProperties.swift"; sourceTree = "<group>"; };
		FBE69D7C1E2A8A8100D0670D /* Image+CoreDataProperties.swift */ = {isa = PBXFileReference; fileEncoding = 4; lastKnownFileType = sourcecode.swift; name = "Image+CoreDataProperties.swift"; path = "../Image+CoreDataProperties.swift"; sourceTree = "<group>"; };
/* End PBXFileReference section */

/* Begin PBXFrameworksBuildPhase section */
		FB1777EE1E27F60000C474C4 /* Frameworks */ = {
			isa = PBXFrameworksBuildPhase;
			buildActionMask = 2147483647;
			files = (
			);
			runOnlyForDeploymentPostprocessing = 0;
		};
		FB1778051E27F60000C474C4 /* Frameworks */ = {
			isa = PBXFrameworksBuildPhase;
			buildActionMask = 2147483647;
			files = (
			);
			runOnlyForDeploymentPostprocessing = 0;
		};
		FB1778101E27F60000C474C4 /* Frameworks */ = {
			isa = PBXFrameworksBuildPhase;
			buildActionMask = 2147483647;
			files = (
			);
			runOnlyForDeploymentPostprocessing = 0;
		};
/* End PBXFrameworksBuildPhase section */

/* Begin PBXGroup section */
		FB1777E81E27F60000C474C4 = {
			isa = PBXGroup;
			children = (
				FB1777F31E27F60000C474C4 /* VirtualTourist */,
				FB17780B1E27F60000C474C4 /* VirtualTouristTests */,
				FB1778161E27F60000C474C4 /* VirtualTouristUITests */,
				FB1777F21E27F60000C474C4 /* Products */,
			);
			sourceTree = "<group>";
		};
		FB1777F21E27F60000C474C4 /* Products */ = {
			isa = PBXGroup;
			children = (
				FB1777F11E27F60000C474C4 /* VirtualTourist.app */,
				FB1778081E27F60000C474C4 /* VirtualTouristTests.xctest */,
				FB1778131E27F60000C474C4 /* VirtualTouristUITests.xctest */,
			);
			name = Products;
			sourceTree = "<group>";
		};
		FB1777F31E27F60000C474C4 /* VirtualTourist */ = {
			isa = PBXGroup;
			children = (
				FB1778251E27F7ED00C474C4 /* View Controller */,
				FB1778261E27F7F600C474C4 /* Model View */,
				FB1778271E27F7FD00C474C4 /* View */,
				FB1778281E27F80200C474C4 /* Model */,
				FB1778291E27F81400C474C4 /* Resources */,
				FB1777F41E27F60000C474C4 /* AppDelegate.swift */,
				FB1777F81E27F60000C474C4 /* Main.storyboard */,
				FB1778001E27F60000C474C4 /* LaunchScreen.storyboard */,
				FB1778031E27F60000C474C4 /* Info.plist */,
			);
			path = VirtualTourist;
			sourceTree = "<group>";
		};
		FB17780B1E27F60000C474C4 /* VirtualTouristTests */ = {
			isa = PBXGroup;
			children = (
				FB17780C1E27F60000C474C4 /* FlickrAPITests.swift */,
				FB17780E1E27F60000C474C4 /* Info.plist */,
			);
			path = VirtualTouristTests;
			sourceTree = "<group>";
		};
		FB1778161E27F60000C474C4 /* VirtualTouristUITests */ = {
			isa = PBXGroup;
			children = (
				FB1778171E27F60000C474C4 /* VirtualTouristUITests.swift */,
				FB1778191E27F60000C474C4 /* Info.plist */,
			);
			path = VirtualTouristUITests;
			sourceTree = "<group>";
		};
		FB1778251E27F7ED00C474C4 /* View Controller */ = {
			isa = PBXGroup;
			children = (
				FB17782A1E27F99F00C474C4 /* ExtensionViewController.swift */,
				FBCC00C91E2A942F00E929DC /* CoreDataCollectionViewController.swift */,
				FB1777F61E27F60000C474C4 /* MapViewController.swift */,
				FBCC00CC1E2AA75A00E929DC /* AlbumViewController.swift */,
			);
			name = "View Controller";
			sourceTree = "<group>";
		};
		FB1778261E27F7F600C474C4 /* Model View */ = {
			isa = PBXGroup;
			children = (
				FB17782C1E27F9EE00C474C4 /* MapKitViewDelegateOntheMap.swift */,
				FB49BC351E3A31CA0089E8A4 /* MapViewAlbumDelegateOntheMap.swift */,
				FB17782E1E27FA8200C474C4 /* GCDMethods.swift */,
				FB1778321E27FB7100C474C4 /* Api.swift */,
				FB1778341E27FB9A00C474C4 /* Network.swift */,
				FB1778381E2803F300C474C4 /* FlickrAPI.swift */,
				FB1778411E2807C500C474C4 /* PhotoAlbumAPI.swift */,
			);
			name = "Model View";
			sourceTree = "<group>";
		};
		FB1778271E27F7FD00C474C4 /* View */ = {
			isa = PBXGroup;
			children = (
				FB73B8E91E38FBEC00A40FBD /* ImageCollectionViewCell.swift */,
			);
			name = View;
			sourceTree = "<group>";
		};
		FB1778281E27F80200C474C4 /* Model */ = {
			isa = PBXGroup;
			children = (
				FB1778491E294CFA00C474C4 /* CoreData */,
				FB1777FB1E27F60000C474C4 /* VirtualTourist.xcdatamodeld */,
				FB1778361E2803A200C474C4 /* ConfigurationNetwork.swift */,
				FB17783E1E2804F500C474C4 /* ConstatsFlickrAPI.swift */,
			);
			name = Model;
			sourceTree = "<group>";
		};
		FB1778291E27F81400C474C4 /* Resources */ = {
			isa = PBXGroup;
			children = (
				FB1777FE1E27F60000C474C4 /* Assets.xcassets */,
			);
			name = Resources;
			sourceTree = "<group>";
		};
		FB1778491E294CFA00C474C4 /* CoreData */ = {
			isa = PBXGroup;
			children = (
				FB17784A1E294D1600C474C4 /* CoreDataStack.swift */,
				FBE69D7A1E2A8A8100D0670D /* Pin+CoreDataProperties.swift */,
				FBE69D521E2A809B00D0670D /* Pin+CoreDataClass.swift */,
				FBE69D7B1E2A8A8100D0670D /* Location+CoreDataProperties.swift */,
				FBE69D4E1E2A809B00D0670D /* Location+CoreDataClass.swift */,
				FBE69D7C1E2A8A8100D0670D /* Image+CoreDataProperties.swift */,
				FBE69D501E2A809B00D0670D /* Image+CoreDataClass.swift */,
			);
			name = CoreData;
			sourceTree = "<group>";
		};
/* End PBXGroup section */

/* Begin PBXNativeTarget section */
		FB1777F01E27F60000C474C4 /* VirtualTourist */ = {
			isa = PBXNativeTarget;
			buildConfigurationList = FB17781C1E27F60000C474C4 /* Build configuration list for PBXNativeTarget "VirtualTourist" */;
			buildPhases = (
				FB1777ED1E27F60000C474C4 /* Sources */,
				FB1777EE1E27F60000C474C4 /* Frameworks */,
				FB1777EF1E27F60000C474C4 /* Resources */,
			);
			buildRules = (
			);
			dependencies = (
			);
			name = VirtualTourist;
			productName = VirtualTourist;
			productReference = FB1777F11E27F60000C474C4 /* VirtualTourist.app */;
			productType = "com.apple.product-type.application";
		};
		FB1778071E27F60000C474C4 /* VirtualTouristTests */ = {
			isa = PBXNativeTarget;
			buildConfigurationList = FB17781F1E27F60000C474C4 /* Build configuration list for PBXNativeTarget "VirtualTouristTests" */;
			buildPhases = (
				FB1778041E27F60000C474C4 /* Sources */,
				FB1778051E27F60000C474C4 /* Frameworks */,
				FB1778061E27F60000C474C4 /* Resources */,
			);
			buildRules = (
			);
			dependencies = (
				FB17780A1E27F60000C474C4 /* PBXTargetDependency */,
			);
			name = VirtualTouristTests;
			productName = VirtualTouristTests;
			productReference = FB1778081E27F60000C474C4 /* VirtualTouristTests.xctest */;
			productType = "com.apple.product-type.bundle.unit-test";
		};
		FB1778121E27F60000C474C4 /* VirtualTouristUITests */ = {
			isa = PBXNativeTarget;
			buildConfigurationList = FB1778221E27F60000C474C4 /* Build configuration list for PBXNativeTarget "VirtualTouristUITests" */;
			buildPhases = (
				FB17780F1E27F60000C474C4 /* Sources */,
				FB1778101E27F60000C474C4 /* Frameworks */,
				FB1778111E27F60000C474C4 /* Resources */,
			);
			buildRules = (
			);
			dependencies = (
				FB1778151E27F60000C474C4 /* PBXTargetDependency */,
			);
			name = VirtualTouristUITests;
			productName = VirtualTouristUITests;
			productReference = FB1778131E27F60000C474C4 /* VirtualTouristUITests.xctest */;
			productType = "com.apple.product-type.bundle.ui-testing";
		};
/* End PBXNativeTarget section */

/* Begin PBXProject section */
		FB1777E91E27F60000C474C4 /* Project object */ = {
			isa = PBXProject;
			attributes = {
				LastSwiftUpdateCheck = 0820;
				LastUpgradeCheck = 0820;
				ORGANIZATIONNAME = "Daniel Torres";
				TargetAttributes = {
					FB1777F01E27F60000C474C4 = {
						CreatedOnToolsVersion = 8.2.1;
						DevelopmentTeam = U93GAZC8VN;
						ProvisioningStyle = Automatic;
					};
					FB1778071E27F60000C474C4 = {
						CreatedOnToolsVersion = 8.2.1;
						DevelopmentTeam = U93GAZC8VN;
						ProvisioningStyle = Automatic;
						TestTargetID = FB1777F01E27F60000C474C4;
					};
					FB1778121E27F60000C474C4 = {
						CreatedOnToolsVersion = 8.2.1;
						DevelopmentTeam = U93GAZC8VN;
						ProvisioningStyle = Automatic;
						TestTargetID = FB1777F01E27F60000C474C4;
					};
				};
			};
			buildConfigurationList = FB1777EC1E27F60000C474C4 /* Build configuration list for PBXProject "VirtualTourist" */;
			compatibilityVersion = "Xcode 3.2";
			developmentRegion = English;
			hasScannedForEncodings = 0;
			knownRegions = (
				en,
				Base,
			);
			mainGroup = FB1777E81E27F60000C474C4;
			productRefGroup = FB1777F21E27F60000C474C4 /* Products */;
			projectDirPath = "";
			projectRoot = "";
			targets = (
				FB1777F01E27F60000C474C4 /* VirtualTourist */,
				FB1778071E27F60000C474C4 /* VirtualTouristTests */,
				FB1778121E27F60000C474C4 /* VirtualTouristUITests */,
			);
		};
/* End PBXProject section */

/* Begin PBXResourcesBuildPhase section */
		FB1777EF1E27F60000C474C4 /* Resources */ = {
			isa = PBXResourcesBuildPhase;
			buildActionMask = 2147483647;
			files = (
				FB1778021E27F60000C474C4 /* LaunchScreen.storyboard in Resources */,
				FB1777FF1E27F60000C474C4 /* Assets.xcassets in Resources */,
				FB1777FA1E27F60000C474C4 /* Main.storyboard in Resources */,
			);
			runOnlyForDeploymentPostprocessing = 0;
		};
		FB1778061E27F60000C474C4 /* Resources */ = {
			isa = PBXResourcesBuildPhase;
			buildActionMask = 2147483647;
			files = (
			);
			runOnlyForDeploymentPostprocessing = 0;
		};
		FB1778111E27F60000C474C4 /* Resources */ = {
			isa = PBXResourcesBuildPhase;
			buildActionMask = 2147483647;
			files = (
			);
			runOnlyForDeploymentPostprocessing = 0;
		};
/* End PBXResourcesBuildPhase section */

/* Begin PBXSourcesBuildPhase section */
		FB1777ED1E27F60000C474C4 /* Sources */ = {
			isa = PBXSourcesBuildPhase;
			buildActionMask = 2147483647;
			files = (
				FB17782D1E27F9EE00C474C4 /* MapKitViewDelegateOntheMap.swift in Sources */,
				FBE69D7D1E2A8A8100D0670D /* Pin+CoreDataProperties.swift in Sources */,
				FB17782B1E27F99F00C474C4 /* ExtensionViewController.swift in Sources */,
				FB17783F1E2804F500C474C4 /* ConstatsFlickrAPI.swift in Sources */,
				FBE69D541E2A809B00D0670D /* Location+CoreDataClass.swift in Sources */,
				FB1778391E2803F300C474C4 /* FlickrAPI.swift in Sources */,
				FB1778351E27FB9A00C474C4 /* Network.swift in Sources */,
				FBE69D561E2A809B00D0670D /* Image+CoreDataClass.swift in Sources */,
				FB1777F71E27F60000C474C4 /* MapViewController.swift in Sources */,
				FB49BC361E3A31CA0089E8A4 /* MapViewAlbumDelegateOntheMap.swift in Sources */,
				FBE69D581E2A809B00D0670D /* Pin+CoreDataClass.swift in Sources */,
				FBCC00CD1E2AA75A00E929DC /* AlbumViewController.swift in Sources */,
				FB1777F51E27F60000C474C4 /* AppDelegate.swift in Sources */,
				FB73B8EA1E38FBEC00A40FBD /* ImageCollectionViewCell.swift in Sources */,
				FBE69D7F1E2A8A8100D0670D /* Image+CoreDataProperties.swift in Sources */,
				FBE69D7E1E2A8A8100D0670D /* Location+CoreDataProperties.swift in Sources */,
				FB1778421E2807C500C474C4 /* PhotoAlbumAPI.swift in Sources */,
				FB1777FD1E27F60000C474C4 /* VirtualTourist.xcdatamodeld in Sources */,
				FB1778331E27FB7100C474C4 /* Api.swift in Sources */,
				FBCC00CA1E2A942F00E929DC /* CoreDataCollectionViewController.swift in Sources */,
				FB17784B1E294D1600C474C4 /* CoreDataStack.swift in Sources */,
				FB17782F1E27FA8200C474C4 /* GCDMethods.swift in Sources */,
				FB1778371E2803A200C474C4 /* ConfigurationNetwork.swift in Sources */,
			);
			runOnlyForDeploymentPostprocessing = 0;
		};
		FB1778041E27F60000C474C4 /* Sources */ = {
			isa = PBXSourcesBuildPhase;
			buildActionMask = 2147483647;
			files = (
				FB17780D1E27F60000C474C4 /* FlickrAPITests.swift in Sources */,
			);
			runOnlyForDeploymentPostprocessing = 0;
		};
		FB17780F1E27F60000C474C4 /* Sources */ = {
			isa = PBXSourcesBuildPhase;
			buildActionMask = 2147483647;
			files = (
				FB1778181E27F60000C474C4 /* VirtualTouristUITests.swift in Sources */,
			);
			runOnlyForDeploymentPostprocessing = 0;
		};
/* End PBXSourcesBuildPhase section */

/* Begin PBXTargetDependency section */
		FB17780A1E27F60000C474C4 /* PBXTargetDependency */ = {
			isa = PBXTargetDependency;
			target = FB1777F01E27F60000C474C4 /* VirtualTourist */;
			targetProxy = FB1778091E27F60000C474C4 /* PBXContainerItemProxy */;
		};
		FB1778151E27F60000C474C4 /* PBXTargetDependency */ = {
			isa = PBXTargetDependency;
			target = FB1777F01E27F60000C474C4 /* VirtualTourist */;
			targetProxy = FB1778141E27F60000C474C4 /* PBXContainerItemProxy */;
		};
/* End PBXTargetDependency section */

/* Begin PBXVariantGroup section */
		FB1777F81E27F60000C474C4 /* Main.storyboard */ = {
			isa = PBXVariantGroup;
			children = (
				FB1777F91E27F60000C474C4 /* Base */,
			);
			name = Main.storyboard;
			sourceTree = "<group>";
		};
		FB1778001E27F60000C474C4 /* LaunchScreen.storyboard */ = {
			isa = PBXVariantGroup;
			children = (
				FB1778011E27F60000C474C4 /* Base */,
			);
			name = LaunchScreen.storyboard;
			sourceTree = "<group>";
		};
/* End PBXVariantGroup section */

/* Begin XCBuildConfiguration section */
		FB17781A1E27F60000C474C4 /* Debug */ = {
			isa = XCBuildConfiguration;
			buildSettings = {
				ALWAYS_SEARCH_USER_PATHS = NO;
				CLANG_ANALYZER_NONNULL = YES;
				CLANG_CXX_LANGUAGE_STANDARD = "gnu++0x";
				CLANG_CXX_LIBRARY = "libc++";
				CLANG_ENABLE_MODULES = YES;
				CLANG_ENABLE_OBJC_ARC = YES;
				CLANG_WARN_BOOL_CONVERSION = YES;
				CLANG_WARN_CONSTANT_CONVERSION = YES;
				CLANG_WARN_DIRECT_OBJC_ISA_USAGE = YES_ERROR;
				CLANG_WARN_DOCUMENTATION_COMMENTS = YES;
				CLANG_WARN_EMPTY_BODY = YES;
				CLANG_WARN_ENUM_CONVERSION = YES;
				CLANG_WARN_INFINITE_RECURSION = YES;
				CLANG_WARN_INT_CONVERSION = YES;
				CLANG_WARN_OBJC_ROOT_CLASS = YES_ERROR;
				CLANG_WARN_SUSPICIOUS_MOVE = YES;
				CLANG_WARN_UNREACHABLE_CODE = YES;
				CLANG_WARN__DUPLICATE_METHOD_MATCH = YES;
				"CODE_SIGN_IDENTITY[sdk=iphoneos*]" = "iPhone Developer";
				COPY_PHASE_STRIP = NO;
				DEBUG_INFORMATION_FORMAT = dwarf;
				ENABLE_STRICT_OBJC_MSGSEND = YES;
				ENABLE_TESTABILITY = YES;
				GCC_C_LANGUAGE_STANDARD = gnu99;
				GCC_DYNAMIC_NO_PIC = NO;
				GCC_NO_COMMON_BLOCKS = YES;
				GCC_OPTIMIZATION_LEVEL = 0;
				GCC_PREPROCESSOR_DEFINITIONS = (
					"DEBUG=1",
					"$(inherited)",
				);
				GCC_WARN_64_TO_32_BIT_CONVERSION = YES;
				GCC_WARN_ABOUT_RETURN_TYPE = YES_ERROR;
				GCC_WARN_UNDECLARED_SELECTOR = YES;
				GCC_WARN_UNINITIALIZED_AUTOS = YES_AGGRESSIVE;
				GCC_WARN_UNUSED_FUNCTION = YES;
				GCC_WARN_UNUSED_VARIABLE = YES;
				IPHONEOS_DEPLOYMENT_TARGET = 10.2;
				MTL_ENABLE_DEBUG_INFO = YES;
				ONLY_ACTIVE_ARCH = YES;
				SDKROOT = iphoneos;
				SWIFT_ACTIVE_COMPILATION_CONDITIONS = DEBUG;
				SWIFT_OPTIMIZATION_LEVEL = "-Onone";
				TARGETED_DEVICE_FAMILY = "1,2";
			};
			name = Debug;
		};
		FB17781B1E27F60000C474C4 /* Release */ = {
			isa = XCBuildConfiguration;
			buildSettings = {
				ALWAYS_SEARCH_USER_PATHS = NO;
				CLANG_ANALYZER_NONNULL = YES;
				CLANG_CXX_LANGUAGE_STANDARD = "gnu++0x";
				CLANG_CXX_LIBRARY = "libc++";
				CLANG_ENABLE_MODULES = YES;
				CLANG_ENABLE_OBJC_ARC = YES;
				CLANG_WARN_BOOL_CONVERSION = YES;
				CLANG_WARN_CONSTANT_CONVERSION = YES;
				CLANG_WARN_DIRECT_OBJC_ISA_USAGE = YES_ERROR;
				CLANG_WARN_DOCUMENTATION_COMMENTS = YES;
				CLANG_WARN_EMPTY_BODY = YES;
				CLANG_WARN_ENUM_CONVERSION = YES;
				CLANG_WARN_INFINITE_RECURSION = YES;
				CLANG_WARN_INT_CONVERSION = YES;
				CLANG_WARN_OBJC_ROOT_CLASS = YES_ERROR;
				CLANG_WARN_SUSPICIOUS_MOVE = YES;
				CLANG_WARN_UNREACHABLE_CODE = YES;
				CLANG_WARN__DUPLICATE_METHOD_MATCH = YES;
				"CODE_SIGN_IDENTITY[sdk=iphoneos*]" = "iPhone Developer";
				COPY_PHASE_STRIP = NO;
				DEBUG_INFORMATION_FORMAT = "dwarf-with-dsym";
				ENABLE_NS_ASSERTIONS = NO;
				ENABLE_STRICT_OBJC_MSGSEND = YES;
				GCC_C_LANGUAGE_STANDARD = gnu99;
				GCC_NO_COMMON_BLOCKS = YES;
				GCC_WARN_64_TO_32_BIT_CONVERSION = YES;
				GCC_WARN_ABOUT_RETURN_TYPE = YES_ERROR;
				GCC_WARN_UNDECLARED_SELECTOR = YES;
				GCC_WARN_UNINITIALIZED_AUTOS = YES_AGGRESSIVE;
				GCC_WARN_UNUSED_FUNCTION = YES;
				GCC_WARN_UNUSED_VARIABLE = YES;
				IPHONEOS_DEPLOYMENT_TARGET = 10.2;
				MTL_ENABLE_DEBUG_INFO = NO;
				SDKROOT = iphoneos;
				SWIFT_OPTIMIZATION_LEVEL = "-Owholemodule";
				TARGETED_DEVICE_FAMILY = "1,2";
				VALIDATE_PRODUCT = YES;
			};
			name = Release;
		};
		FB17781D1E27F60000C474C4 /* Debug */ = {
			isa = XCBuildConfiguration;
			buildSettings = {
				ASSETCATALOG_COMPILER_APPICON_NAME = AppIcon;
				DEVELOPMENT_TEAM = U93GAZC8VN;
				INFOPLIST_FILE = VirtualTourist/Info.plist;
				LD_RUNPATH_SEARCH_PATHS = "$(inherited) @executable_path/Frameworks";
				PRODUCT_BUNDLE_IDENTIFIER = "Daniel-Torres.VirtualTourist";
				PRODUCT_NAME = "$(TARGET_NAME)";
				SWIFT_VERSION = 3.0;
			};
			name = Debug;
		};
		FB17781E1E27F60000C474C4 /* Release */ = {
			isa = XCBuildConfiguration;
			buildSettings = {
				ASSETCATALOG_COMPILER_APPICON_NAME = AppIcon;
				DEVELOPMENT_TEAM = U93GAZC8VN;
				INFOPLIST_FILE = VirtualTourist/Info.plist;
				LD_RUNPATH_SEARCH_PATHS = "$(inherited) @executable_path/Frameworks";
				PRODUCT_BUNDLE_IDENTIFIER = "Daniel-Torres.VirtualTourist";
				PRODUCT_NAME = "$(TARGET_NAME)";
				SWIFT_VERSION = 3.0;
			};
			name = Release;
		};
		FB1778201E27F60000C474C4 /* Debug */ = {
			isa = XCBuildConfiguration;
			buildSettings = {
				ALWAYS_EMBED_SWIFT_STANDARD_LIBRARIES = YES;
				BUNDLE_LOADER = "$(TEST_HOST)";
				DEVELOPMENT_TEAM = U93GAZC8VN;
				INFOPLIST_FILE = VirtualTouristTests/Info.plist;
				LD_RUNPATH_SEARCH_PATHS = "$(inherited) @executable_path/Frameworks @loader_path/Frameworks";
				PRODUCT_BUNDLE_IDENTIFIER = "Daniel-Torres.VirtualTouristTests";
				PRODUCT_NAME = "$(TARGET_NAME)";
				SWIFT_VERSION = 3.0;
				TEST_HOST = "$(BUILT_PRODUCTS_DIR)/VirtualTourist.app/VirtualTourist";
			};
			name = Debug;
		};
		FB1778211E27F60000C474C4 /* Release */ = {
			isa = XCBuildConfiguration;
			buildSettings = {
				ALWAYS_EMBED_SWIFT_STANDARD_LIBRARIES = YES;
				BUNDLE_LOADER = "$(TEST_HOST)";
				DEVELOPMENT_TEAM = U93GAZC8VN;
				INFOPLIST_FILE = VirtualTouristTests/Info.plist;
				LD_RUNPATH_SEARCH_PATHS = "$(inherited) @executable_path/Frameworks @loader_path/Frameworks";
				PRODUCT_BUNDLE_IDENTIFIER = "Daniel-Torres.VirtualTouristTests";
				PRODUCT_NAME = "$(TARGET_NAME)";
				SWIFT_VERSION = 3.0;
				TEST_HOST = "$(BUILT_PRODUCTS_DIR)/VirtualTourist.app/VirtualTourist";
			};
			name = Release;
		};
		FB1778231E27F60000C474C4 /* Debug */ = {
			isa = XCBuildConfiguration;
			buildSettings = {
				ALWAYS_EMBED_SWIFT_STANDARD_LIBRARIES = YES;
				DEVELOPMENT_TEAM = U93GAZC8VN;
				INFOPLIST_FILE = VirtualTouristUITests/Info.plist;
				LD_RUNPATH_SEARCH_PATHS = "$(inherited) @executable_path/Frameworks @loader_path/Frameworks";
				PRODUCT_BUNDLE_IDENTIFIER = "Daniel-Torres.VirtualTouristUITests";
				PRODUCT_NAME = "$(TARGET_NAME)";
				SWIFT_VERSION = 3.0;
				TEST_TARGET_NAME = VirtualTourist;
			};
			name = Debug;
		};
		FB1778241E27F60000C474C4 /* Release */ = {
			isa = XCBuildConfiguration;
			buildSettings = {
				ALWAYS_EMBED_SWIFT_STANDARD_LIBRARIES = YES;
				DEVELOPMENT_TEAM = U93GAZC8VN;
				INFOPLIST_FILE = VirtualTouristUITests/Info.plist;
				LD_RUNPATH_SEARCH_PATHS = "$(inherited) @executable_path/Frameworks @loader_path/Frameworks";
				PRODUCT_BUNDLE_IDENTIFIER = "Daniel-Torres.VirtualTouristUITests";
				PRODUCT_NAME = "$(TARGET_NAME)";
				SWIFT_VERSION = 3.0;
				TEST_TARGET_NAME = VirtualTourist;
			};
			name = Release;
		};
/* End XCBuildConfiguration section */

/* Begin XCConfigurationList section */
		FB1777EC1E27F60000C474C4 /* Build configuration list for PBXProject "VirtualTourist" */ = {
			isa = XCConfigurationList;
			buildConfigurations = (
				FB17781A1E27F60000C474C4 /* Debug */,
				FB17781B1E27F60000C474C4 /* Release */,
			);
			defaultConfigurationIsVisible = 0;
			defaultConfigurationName = Release;
		};
		FB17781C1E27F60000C474C4 /* Build configuration list for PBXNativeTarget "VirtualTourist" */ = {
			isa = XCConfigurationList;
			buildConfigurations = (
				FB17781D1E27F60000C474C4 /* Debug */,
				FB17781E1E27F60000C474C4 /* Release */,
			);
			defaultConfigurationIsVisible = 0;
			defaultConfigurationName = Release;
		};
		FB17781F1E27F60000C474C4 /* Build configuration list for PBXNativeTarget "VirtualTouristTests" */ = {
			isa = XCConfigurationList;
			buildConfigurations = (
				FB1778201E27F60000C474C4 /* Debug */,
				FB1778211E27F60000C474C4 /* Release */,
			);
			defaultConfigurationIsVisible = 0;
			defaultConfigurationName = Release;
		};
		FB1778221E27F60000C474C4 /* Build configuration list for PBXNativeTarget "VirtualTouristUITests" */ = {
			isa = XCConfigurationList;
			buildConfigurations = (
				FB1778231E27F60000C474C4 /* Debug */,
				FB1778241E27F60000C474C4 /* Release */,
			);
			defaultConfigurationIsVisible = 0;
			defaultConfigurationName = Release;
		};
/* End XCConfigurationList section */

/* Begin XCVersionGroup section */
		FB1777FB1E27F60000C474C4 /* VirtualTourist.xcdatamodeld */ = {
			isa = XCVersionGroup;
			children = (
				FB1777FC1E27F60000C474C4 /* VirtualTourist.xcdatamodel */,
			);
			currentVersion = FB1777FC1E27F60000C474C4 /* VirtualTourist.xcdatamodel */;
			path = VirtualTourist.xcdatamodeld;
			sourceTree = "<group>";
			versionGroupType = wrapper.xcdatamodel;
		};
/* End XCVersionGroup section */
	};
	rootObject = FB1777E91E27F60000C474C4 /* Project object */;
}
